
Microsoft Visual Studio Solution File, Format Version 12.00
# Visual Studio Version 17
VisualStudioVersion = 17.10.35027.167
MinimumVisualStudioVersion = 10.0.40219.1
Project("{FAE04EC0-301F-11D3-BF4B-00C04F79EFBC}") = "Generics Assignment", "Generics Assignment\Generics Assignment.csproj", "{86A3C8C9-D22D-466B-A8E1-7AC7056EAC01}"
EndProject
Global
	GlobalSection(SolutionConfigurationPlatforms) = preSolution
		Debug|Any CPU = Debug|Any CPU
		Release|Any CPU = Release|Any CPU
	EndGlobalSection
	GlobalSection(ProjectConfigurationPlatforms) = postSolution
		{86A3C8C9-D22D-466B-A8E1-7AC7056EAC01}.Debug|Any CPU.ActiveCfg = Debug|Any CPU
		{86A3C8C9-D22D-466B-A8E1-7AC7056EAC01}.Debug|Any CPU.Build.0 = Debug|Any CPU
		{86A3C8C9-D22D-466B-A8E1-7AC7056EAC01}.Release|Any CPU.ActiveCfg = Release|Any CPU
		{86A3C8C9-D22D-466B-A8E1-7AC7056EAC01}.Release|Any CPU.Build.0 = Release|Any CPU
	EndGlobalSection
	GlobalSection(SolutionProperties) = preSolution
		HideSolutionNode = FALSE
	EndGlobalSection
	GlobalSection(ExtensibilityGlobals) = postSolution
		SolutionGuid = {0ECF1AA8-C1FB-415A-9809-C5530FFF7272}
	EndGlobalSection
EndGlobal
